// !$*UTF8*$!
{
	archiveVersion = 1;
	classes = {
	};
	objectVersion = 50;
	objects = {

/* Begin PBXBuildFile section */
		F5A8A43025133DF5004CDD4F /* AppDelegate.swift in Sources */ = {isa = PBXBuildFile; fileRef = F5A8A42F25133DF5004CDD4F /* AppDelegate.swift */; };
		F5A8A43225133DF5004CDD4F /* SceneDelegate.swift in Sources */ = {isa = PBXBuildFile; fileRef = F5A8A43125133DF5004CDD4F /* SceneDelegate.swift */; };
		F5A8A43425133DF5004CDD4F /* AddPodcastController.swift in Sources */ = {isa = PBXBuildFile; fileRef = F5A8A43325133DF5004CDD4F /* AddPodcastController.swift */; };
		F5A8A43725133DF5004CDD4F /* Main.storyboard in Resources */ = {isa = PBXBuildFile; fileRef = F5A8A43525133DF5004CDD4F /* Main.storyboard */; };
		F5A8A43925133DFA004CDD4F /* Assets.xcassets in Resources */ = {isa = PBXBuildFile; fileRef = F5A8A43825133DFA004CDD4F /* Assets.xcassets */; };
		F5A8A43C25133DFA004CDD4F /* LaunchScreen.storyboard in Resources */ = {isa = PBXBuildFile; fileRef = F5A8A43A25133DFA004CDD4F /* LaunchScreen.storyboard */; };
/* End PBXBuildFile section */

/* Begin PBXFileReference section */
		F5A8A42C25133DF5004CDD4F /* VKPodcast.app */ = {isa = PBXFileReference; explicitFileType = wrapper.application; includeInIndex = 0; path = VKPodcast.app; sourceTree = BUILT_PRODUCTS_DIR; };
		F5A8A42F25133DF5004CDD4F /* AppDelegate.swift */ = {isa = PBXFileReference; lastKnownFileType = sourcecode.swift; path = AppDelegate.swift; sourceTree = "<group>"; };
		F5A8A43125133DF5004CDD4F /* SceneDelegate.swift */ = {isa = PBXFileReference; lastKnownFileType = sourcecode.swift; path = SceneDelegate.swift; sourceTree = "<group>"; };
		F5A8A43325133DF5004CDD4F /* AddPodcastController.swift */ = {isa = PBXFileReference; lastKnownFileType = sourcecode.swift; path = AddPodcastController.swift; sourceTree = "<group>"; };
		F5A8A43625133DF5004CDD4F /* Base */ = {isa = PBXFileReference; lastKnownFileType = file.storyboard; name = Base; path = Base.lproj/Main.storyboard; sourceTree = "<group>"; };
		F5A8A43825133DFA004CDD4F /* Assets.xcassets */ = {isa = PBXFileReference; lastKnownFileType = folder.assetcatalog; path = Assets.xcassets; sourceTree = "<group>"; };
		F5A8A43B25133DFA004CDD4F /* Base */ = {isa = PBXFileReference; lastKnownFileType = file.storyboard; name = Base; path = Base.lproj/LaunchScreen.storyboard; sourceTree = "<group>"; };
		F5A8A43D25133DFA004CDD4F /* Info.plist */ = {isa = PBXFileReference; lastKnownFileType = text.plist.xml; path = Info.plist; sourceTree = "<group>"; };
/* End PBXFileReference section */

/* Begin PBXFrameworksBuildPhase section */
		F5A8A42925133DF5004CDD4F /* Frameworks */ = {
			isa = PBXFrameworksBuildPhase;
			buildActionMask = 2147483647;
			files = (
			);
			runOnlyForDeploymentPostprocessing = 0;
		};
/* End PBXFrameworksBuildPhase section */

/* Begin PBXGroup section */
		F5A8A42325133DF5004CDD4F = {
			isa = PBXGroup;
			children = (
				F5A8A42E25133DF5004CDD4F /* VKPodcast */,
				F5A8A42D25133DF5004CDD4F /* Products */,
			);
			sourceTree = "<group>";
		};
		F5A8A42D25133DF5004CDD4F /* Products */ = {
			isa = PBXGroup;
			children = (
				F5A8A42C25133DF5004CDD4F /* VKPodcast.app */,
			);
			name = Products;
			sourceTree = "<group>";
		};
		F5A8A42E25133DF5004CDD4F /* VKPodcast */ = {
			isa = PBXGroup;
			children = (
				F5A8A42F25133DF5004CDD4F /* AppDelegate.swift */,
				F5A8A43125133DF5004CDD4F /* SceneDelegate.swift */,
				F5A8A43325133DF5004CDD4F /* AddPodcastController.swift */,
				F5A8A43525133DF5004CDD4F /* Main.storyboard */,
				F5A8A43825133DFA004CDD4F /* Assets.xcassets */,
				F5A8A43A25133DFA004CDD4F /* LaunchScreen.storyboard */,
				F5A8A43D25133DFA004CDD4F /* Info.plist */,
			);
			path = VKPodcast;
			sourceTree = "<group>";
		};
/* End PBXGroup section */

/* Begin PBXNativeTarget section */
		F5A8A42B25133DF5004CDD4F /* VKPodcast */ = {
			isa = PBXNativeTarget;
			buildConfigurationList = F5A8A44025133DFA004CDD4F /* Build configuration list for PBXNativeTarget "VKPodcast" */;
			buildPhases = (
				F5A8A42825133DF5004CDD4F /* Sources */,
				F5A8A42925133DF5004CDD4F /* Frameworks */,
				F5A8A42A25133DF5004CDD4F /* Resources */,
			);
			buildRules = (
			);
			dependencies = (
			);
			name = VKPodcast;
			productName = VKPodcast;
			productReference = F5A8A42C25133DF5004CDD4F /* VKPodcast.app */;
			productType = "com.apple.product-type.application";
		};
/* End PBXNativeTarget section */

/* Begin PBXProject section */
		F5A8A42425133DF5004CDD4F /* Project object */ = {
			isa = PBXProject;
			attributes = {
				LastSwiftUpdateCheck = 1130;
				LastUpgradeCheck = 1130;
				ORGANIZATIONNAME = "Vladislav Morozov";
				TargetAttributes = {
					F5A8A42B25133DF5004CDD4F = {
						CreatedOnToolsVersion = 11.3.1;
					};
				};
			};
			buildConfigurationList = F5A8A42725133DF5004CDD4F /* Build configuration list for PBXProject "VKPodcast" */;
			compatibilityVersion = "Xcode 9.3";
			developmentRegion = en;
			hasScannedForEncodings = 0;
			knownRegions = (
				en,
				Base,
			);
			mainGroup = F5A8A42325133DF5004CDD4F;
			productRefGroup = F5A8A42D25133DF5004CDD4F /* Products */;
			projectDirPath = "";
			projectRoot = "";
			targets = (
				F5A8A42B25133DF5004CDD4F /* VKPodcast */,
			);
		};
/* End PBXProject section */

/* Begin PBXResourcesBuildPhase section */
		F5A8A42A25133DF5004CDD4F /* Resources */ = {
			isa = PBXResourcesBuildPhase;
			buildActionMask = 2147483647;
			files = (
				F5A8A43C25133DFA004CDD4F /* LaunchScreen.storyboard in Resources */,
				F5A8A43925133DFA004CDD4F /* Assets.xcassets in Resources */,
				F5A8A43725133DF5004CDD4F /* Main.storyboard in Resources */,
			);
			runOnlyForDeploymentPostprocessing = 0;
		};
/* End PBXResourcesBuildPhase section */

/* Begin PBXSourcesBuildPhase section */
		F5A8A42825133DF5004CDD4F /* Sources */ = {
			isa = PBXSourcesBuildPhase;
			buildActionMask = 2147483647;
			files = (
				F5A8A43425133DF5004CDD4F /* AddPodcastController.swift in Sources */,
				F5A8A43025133DF5004CDD4F /* AppDelegate.swift in Sources */,
				F5A8A43225133DF5004CDD4F /* SceneDelegate.swift in Sources */,
			);
			runOnlyForDeploymentPostprocessing = 0;
		};
/* End PBXSourcesBuildPhase section */

/* Begin PBXVariantGroup section */
		F5A8A43525133DF5004CDD4F /* Main.storyboard */ = {
			isa = PBXVariantGroup;
			children = (
				F5A8A43625133DF5004CDD4F /* Base */,
			);
			name = Main.storyboard;
			sourceTree = "<group>";
		};
		F5A8A43A25133DFA004CDD4F /* LaunchScreen.storyboard */ = {
			isa = PBXVariantGroup;
			children = (
				F5A8A43B25133DFA004CDD4F /* Base */,
			);
			name = LaunchScreen.storyboard;
			sourceTree = "<group>";
		};
/* End PBXVariantGroup section */

/* Begin XCBuildConfiguration section */
		F5A8A43E25133DFA004CDD4F /* Debug */ = {
			isa = XCBuildConfiguration;
			buildSettings = {
				ALWAYS_SEARCH_USER_PATHS = NO;
				CLANG_ANALYZER_NONNULL = YES;
				CLANG_ANALYZER_NUMBER_OBJECT_CONVERSION = YES_AGGRESSIVE;
				CLANG_CXX_LANGUAGE_STANDARD = "gnu++14";
				CLANG_CXX_LIBRARY = "libc++";
				CLANG_ENABLE_MODULES = YES;
				CLANG_ENABLE_OBJC_ARC = YES;
				CLANG_ENABLE_OBJC_WEAK = YES;
				CLANG_WARN_BLOCK_CAPTURE_AUTORELEASING = YES;
				CLANG_WARN_BOOL_CONVERSION = YES;
				CLANG_WARN_COMMA = YES;
				CLANG_WARN_CONSTANT_CONVERSION = YES;
				CLANG_WARN_DEPRECATED_OBJC_IMPLEMENTATIONS = YES;
				CLANG_WARN_DIRECT_OBJC_ISA_USAGE = YES_ERROR;
				CLANG_WARN_DOCUMENTATION_COMMENTS = YES;
				CLANG_WARN_EMPTY_BODY = YES;
				CLANG_WARN_ENUM_CONVERSION = YES;
				CLANG_WARN_INFINITE_RECURSION = YES;
				CLANG_WARN_INT_CONVERSION = YES;
				CLANG_WARN_NON_LITERAL_NULL_CONVERSION = YES;
				CLANG_WARN_OBJC_IMPLICIT_RETAIN_SELF = YES;
				CLANG_WARN_OBJC_LITERAL_CONVERSION = YES;
				CLANG_WARN_OBJC_ROOT_CLASS = YES_ERROR;
				CLANG_WARN_RANGE_LOOP_ANALYSIS = YES;
				CLANG_WARN_STRICT_PROTOTYPES = YES;
				CLANG_WARN_SUSPICIOUS_MOVE = YES;
				CLANG_WARN_UNGUARDED_AVAILABILITY = YES_AGGRESSIVE;
				CLANG_WARN_UNREACHABLE_CODE = YES;
				CLANG_WARN__DUPLICATE_METHOD_MATCH = YES;
				COPY_PHASE_STRIP = NO;
				DEBUG_INFORMATION_FORMAT = dwarf;
				ENABLE_STRICT_OBJC_MSGSEND = YES;
				ENABLE_TESTABILITY = YES;
				GCC_C_LANGUAGE_STANDARD = gnu11;
				GCC_DYNAMIC_NO_PIC = NO;
				GCC_NO_COMMON_BLOCKS = YES;
				GCC_OPTIMIZATION_LEVEL = 0;
				GCC_PREPROCESSOR_DEFINITIONS = (
					"DEBUG=1",
					"$(inherited)",
				);
				GCC_WARN_64_TO_32_BIT_CONVERSION = YES;
				GCC_WARN_ABOUT_RETURN_TYPE = YES_ERROR;
				GCC_WARN_UNDECLARED_SELECTOR = YES;
				GCC_WARN_UNINITIALIZED_AUTOS = YES_AGGRESSIVE;
				GCC_WARN_UNUSED_FUNCTION = YES;
				GCC_WARN_UNUSED_VARIABLE = YES;
				IPHONEOS_DEPLOYMENT_TARGET = 13.2;
				MTL_ENABLE_DEBUG_INFO = INCLUDE_SOURCE;
				MTL_FAST_MATH = YES;
				ONLY_ACTIVE_ARCH = YES;
				SDKROOT = iphoneos;
				SWIFT_ACTIVE_COMPILATION_CONDITIONS = DEBUG;
				SWIFT_OPTIMIZATION_LEVEL = "-Onone";
			};
			name = Debug;
		};
		F5A8A43F25133DFA004CDD4F /* Release */ = {
			isa = XCBuildConfiguration;
			buildSettings = {
				ALWAYS_SEARCH_USER_PATHS = NO;
				CLANG_ANALYZER_NONNULL = YES;
				CLANG_ANALYZER_NUMBER_OBJECT_CONVERSION = YES_AGGRESSIVE;
				CLANG_CXX_LANGUAGE_STANDARD = "gnu++14";
				CLANG_CXX_LIBRARY = "libc++";
				CLANG_ENABLE_MODULES = YES;
				CLANG_ENABLE_OBJC_ARC = YES;
				CLANG_ENABLE_OBJC_WEAK = YES;
				CLANG_WARN_BLOCK_CAPTURE_AUTORELEASING = YES;
				CLANG_WARN_BOOL_CONVERSION = YES;
				CLANG_WARN_COMMA = YES;
				CLANG_WARN_CONSTANT_CONVERSION = YES;
				CLANG_WARN_DEPRECATED_OBJC_IMPLEMENTATIONS = YES;
				CLANG_WARN_DIRECT_OBJC_ISA_USAGE = YES_ERROR;
				CLANG_WARN_DOCUMENTATION_COMMENTS = YES;
				CLANG_WARN_EMPTY_BODY = YES;
				CLANG_WARN_ENUM_CONVERSION = YES;
				CLANG_WARN_INFINITE_RECURSION = YES;
				CLANG_WARN_INT_CONVERSION = YES;
				CLANG_WARN_NON_LITERAL_NULL_CONVERSION = YES;
				CLANG_WARN_OBJC_IMPLICIT_RETAIN_SELF = YES;
				CLANG_WARN_OBJC_LITERAL_CONVERSION = YES;
				CLANG_WARN_OBJC_ROOT_CLASS = YES_ERROR;
				CLANG_WARN_RANGE_LOOP_ANALYSIS = YES;
				CLANG_WARN_STRICT_PROTOTYPES = YES;
				CLANG_WARN_SUSPICIOUS_MOVE = YES;
				CLANG_WARN_UNGUARDED_AVAILABILITY = YES_AGGRESSIVE;
				CLANG_WARN_UNREACHABLE_CODE = YES;
				CLANG_WARN__DUPLICATE_METHOD_MATCH = YES;
				COPY_PHASE_STRIP = NO;
				DEBUG_INFORMATION_FORMAT = "dwarf-with-dsym";
				ENABLE_NS_ASSERTIONS = NO;
				ENABLE_STRICT_OBJC_MSGSEND = YES;
				GCC_C_LANGUAGE_STANDARD = gnu11;
				GCC_NO_COMMON_BLOCKS = YES;
				GCC_WARN_64_TO_32_BIT_CONVERSION = YES;
				GCC_WARN_ABOUT_RETURN_TYPE = YES_ERROR;
				GCC_WARN_UNDECLARED_SELECTOR = YES;
				GCC_WARN_UNINITIALIZED_AUTOS = YES_AGGRESSIVE;
				GCC_WARN_UNUSED_FUNCTION = YES;
				GCC_WARN_UNUSED_VARIABLE = YES;
				IPHONEOS_DEPLOYMENT_TARGET = 13.2;
				MTL_ENABLE_DEBUG_INFO = NO;
				MTL_FAST_MATH = YES;
				SDKROOT = iphoneos;
				SWIFT_COMPILATION_MODE = wholemodule;
				SWIFT_OPTIMIZATION_LEVEL = "-O";
				VALIDATE_PRODUCT = YES;
			};
			name = Release;
		};
		F5A8A44125133DFA004CDD4F /* Debug */ = {
			isa = XCBuildConfiguration;
			buildSettings = {
				ASSETCATALOG_COMPILER_APPICON_NAME = AppIcon;
				CODE_SIGN_STYLE = Automatic;
				INFOPLIST_FILE = VKPodcast/Info.plist;
				LD_RUNPATH_SEARCH_PATHS = (
					"$(inherited)",
					"@executable_path/Frameworks",
				);
				PRODUCT_BUNDLE_IDENTIFIER = vmcompany.VKPodcast;
				PRODUCT_NAME = "$(TARGET_NAME)";
				SWIFT_VERSION = 5.0;
				TARGETED_DEVICE_FAMILY = "1,2";
			};
			name = Debug;
		};
		F5A8A44225133DFA004CDD4F /* Release */ = {
			isa = XCBuildConfiguration;
			buildSettings = {
				ASSETCATALOG_COMPILER_APPICON_NAME = AppIcon;
				CODE_SIGN_STYLE = Automatic;
				INFOPLIST_FILE = VKPodcast/Info.plist;
				LD_RUNPATH_SEARCH_PATHS = (
					"$(inherited)",
					"@executable_path/Frameworks",
				);
				PRODUCT_BUNDLE_IDENTIFIER = vmcompany.VKPodcast;
				PRODUCT_NAME = "$(TARGET_NAME)";
				SWIFT_VERSION = 5.0;
				TARGETED_DEVICE_FAMILY = "1,2";
			};
			name = Release;
		};
/* End XCBuildConfiguration section */

/* Begin XCConfigurationList section */
		F5A8A42725133DF5004CDD4F /* Build configuration list for PBXProject "VKPodcast" */ = {
			isa = XCConfigurationList;
			buildConfigurations = (
				F5A8A43E25133DFA004CDD4F /* Debug */,
				F5A8A43F25133DFA004CDD4F /* Release */,
			);
			defaultConfigurationIsVisible = 0;
			defaultConfigurationName = Release;
		};
		F5A8A44025133DFA004CDD4F /* Build configuration list for PBXNativeTarget "VKPodcast" */ = {
			isa = XCConfigurationList;
			buildConfigurations = (
				F5A8A44125133DFA004CDD4F /* Debug */,
				F5A8A44225133DFA004CDD4F /* Release */,
			);
			defaultConfigurationIsVisible = 0;
			defaultConfigurationName = Release;
		};
/* End XCConfigurationList section */
	};
	rootObject = F5A8A42425133DF5004CDD4F /* Project object */;
}
